
Microsoft Visual Studio Solution File, Format Version 12.00
# Visual Studio Version 16
VisualStudioVersion = 16.0.30907.101
MinimumVisualStudioVersion = 10.0.40219.1
Project("{9A19103F-16F7-4668-BE54-9A1E7A4F7556}") = "Privatest", "Privatest\Privatest\Privatest.csproj", "{85EA352E-E545-454E-9E0F-53A781778A2E}"
EndProject
Project("{9A19103F-16F7-4668-BE54-9A1E7A4F7556}") = "Privatest.CodeFixes", "Privatest\Privatest.CodeFixes\Privatest.CodeFixes.csproj", "{3BAA6F99-1CFC-4034-B942-B5A29700F2E4}"
EndProject
Project("{9A19103F-16F7-4668-BE54-9A1E7A4F7556}") = "Privatest.Package", "Privatest\Privatest.Package\Privatest.Package.csproj", "{50A173F4-1D7D-4C7F-9049-FB33C897F7FA}"
EndProject
Project("{9A19103F-16F7-4668-BE54-9A1E7A4F7556}") = "Privatest.Test", "Privatest\Privatest.Test\Privatest.Test.csproj", "{DD87A186-F0A0-46F2-A35C-3E5970B2DC2D}"
EndProject
Global
	GlobalSection(SolutionConfigurationPlatforms) = preSolution
		Debug|Any CPU = Debug|Any CPU
		Release|Any CPU = Release|Any CPU
	EndGlobalSection
	GlobalSection(ProjectConfigurationPlatforms) = postSolution
		{85EA352E-E545-454E-9E0F-53A781778A2E}.Debug|Any CPU.ActiveCfg = Debug|Any CPU
		{85EA352E-E545-454E-9E0F-53A781778A2E}.Debug|Any CPU.Build.0 = Debug|Any CPU
		{85EA352E-E545-454E-9E0F-53A781778A2E}.Release|Any CPU.ActiveCfg = Release|Any CPU
		{85EA352E-E545-454E-9E0F-53A781778A2E}.Release|Any CPU.Build.0 = Release|Any CPU
		{3BAA6F99-1CFC-4034-B942-B5A29700F2E4}.Debug|Any CPU.ActiveCfg = Debug|Any CPU
		{3BAA6F99-1CFC-4034-B942-B5A29700F2E4}.Debug|Any CPU.Build.0 = Debug|Any CPU
		{3BAA6F99-1CFC-4034-B942-B5A29700F2E4}.Release|Any CPU.ActiveCfg = Release|Any CPU
		{3BAA6F99-1CFC-4034-B942-B5A29700F2E4}.Release|Any CPU.Build.0 = Release|Any CPU
		{50A173F4-1D7D-4C7F-9049-FB33C897F7FA}.Debug|Any CPU.ActiveCfg = Debug|Any CPU
		{50A173F4-1D7D-4C7F-9049-FB33C897F7FA}.Debug|Any CPU.Build.0 = Debug|Any CPU
		{50A173F4-1D7D-4C7F-9049-FB33C897F7FA}.Release|Any CPU.ActiveCfg = Release|Any CPU
		{50A173F4-1D7D-4C7F-9049-FB33C897F7FA}.Release|Any CPU.Build.0 = Release|Any CPU
		{DD87A186-F0A0-46F2-A35C-3E5970B2DC2D}.Debug|Any CPU.ActiveCfg = Debug|Any CPU
		{DD87A186-F0A0-46F2-A35C-3E5970B2DC2D}.Debug|Any CPU.Build.0 = Debug|Any CPU
		{DD87A186-F0A0-46F2-A35C-3E5970B2DC2D}.Release|Any CPU.ActiveCfg = Release|Any CPU
		{DD87A186-F0A0-46F2-A35C-3E5970B2DC2D}.Release|Any CPU.Build.0 = Release|Any CPU
	EndGlobalSection
	GlobalSection(SolutionProperties) = preSolution
		HideSolutionNode = FALSE
	EndGlobalSection
	GlobalSection(ExtensibilityGlobals) = postSolution
		SolutionGuid = {5FA340F8-0741-461F-B626-53F696B42D0C}
	EndGlobalSection
EndGlobal
